// !$*UTF8*$!
{
	archiveVersion = 1;
	classes = {
	};
	objectVersion = 77;
	objects = {

/* Begin PBXBuildFile section */
		7E048C012D49117D00FF6A16 /* BussBuzz Emergency Services Contact List.pdf in Resources */ = {isa = PBXBuildFile; fileRef = 7E048BFF2D49117D00FF6A16 /* BussBuzz Emergency Services Contact List.pdf */; };
		7E048C022D49117D00FF6A16 /* BussBuzz User Application Privacy Policy.pdf in Resources */ = {isa = PBXBuildFile; fileRef = 7E048C002D49117D00FF6A16 /* BussBuzz User Application Privacy Policy.pdf */; };
		7E5474642D4B45580050D7CC /* GoogleMaps.xcframework in Embed Frameworks */ = {isa = PBXBuildFile; fileRef = 7EE51E112D4A95E000A921BB /* GoogleMaps.xcframework */; settings = {ATTRIBUTES = (CodeSignOnCopy, RemoveHeadersOnCopy, ); }; };
		7E5474672D4B455E0050D7CC /* GoogleMapsM4B.xcframework in Embed Frameworks */ = {isa = PBXBuildFile; fileRef = 7EE51E122D4A95E000A921BB /* GoogleMapsM4B.xcframework */; settings = {ATTRIBUTES = (CodeSignOnCopy, RemoveHeadersOnCopy, ); }; };
		7E57DE932D4006F2003359F1 /* GoogleService-Info.plist in Resources */ = {isa = PBXBuildFile; fileRef = 7E57DE922D4006F2003359F1 /* GoogleService-Info.plist */; };
		7E57DE942D4006F2003359F1 /* GoogleService-Info.plist in Resources */ = {isa = PBXBuildFile; fileRef = 7E57DE922D4006F2003359F1 /* GoogleService-Info.plist */; };
		7E57DE952D4006F2003359F1 /* GoogleService-Info.plist in Resources */ = {isa = PBXBuildFile; fileRef = 7E57DE922D4006F2003359F1 /* GoogleService-Info.plist */; };
		7E8C8AF12D4B527500F6E47D /* GoogleMaps.xcframework in Frameworks */ = {isa = PBXBuildFile; fileRef = 7EE51E112D4A95E000A921BB /* GoogleMaps.xcframework */; };
		7E8C8AF22D4B528C00F6E47D /* CoreLocation.framework in Frameworks */ = {isa = PBXBuildFile; fileRef = 7EE51D392D4A60ED00A921BB /* CoreLocation.framework */; };
		7E8C8AF32D4B52B000F6E47D /* GoogleMapsM4B.xcframework in Frameworks */ = {isa = PBXBuildFile; fileRef = 7EE51E122D4A95E000A921BB /* GoogleMapsM4B.xcframework */; };
		7E8C8AF62D4B5E8B00F6E47D /* FirebaseAppCheck in Frameworks */ = {isa = PBXBuildFile; productRef = 7E8C8AF52D4B5E8B00F6E47D /* FirebaseAppCheck */; };
		7E8C8AF82D4B5E8B00F6E47D /* FirebaseAuth in Frameworks */ = {isa = PBXBuildFile; productRef = 7E8C8AF72D4B5E8B00F6E47D /* FirebaseAuth */; };
		7E8C8AFA2D4B5E8B00F6E47D /* FirebaseCore in Frameworks */ = {isa = PBXBuildFile; productRef = 7E8C8AF92D4B5E8B00F6E47D /* FirebaseCore */; };
		7E8C8AFC2D4B5E8B00F6E47D /* FirebaseDatabase in Frameworks */ = {isa = PBXBuildFile; productRef = 7E8C8AFB2D4B5E8B00F6E47D /* FirebaseDatabase */; };
		7E8C8AFE2D4B5E8B00F6E47D /* FirebaseFunctions in Frameworks */ = {isa = PBXBuildFile; productRef = 7E8C8AFD2D4B5E8B00F6E47D /* FirebaseFunctions */; };
		7E8C8B002D4B5E8B00F6E47D /* FirebaseInAppMessaging-Beta in Frameworks */ = {isa = PBXBuildFile; productRef = 7E8C8AFF2D4B5E8B00F6E47D /* FirebaseInAppMessaging-Beta */; };
		7E8C8B022D4B5E8B00F6E47D /* FirebaseMessaging in Frameworks */ = {isa = PBXBuildFile; productRef = 7E8C8B012D4B5E8B00F6E47D /* FirebaseMessaging */; };
		7E8C8B042D4B5E8B00F6E47D /* FirebaseStorage in Frameworks */ = {isa = PBXBuildFile; productRef = 7E8C8B032D4B5E8B00F6E47D /* FirebaseStorage */; };
		7E8C8B072D4B5EE000F6E47D /* GoogleSignIn in Frameworks */ = {isa = PBXBuildFile; productRef = 7E8C8B062D4B5EE000F6E47D /* GoogleSignIn */; };
		7E8C8B092D4B5EE000F6E47D /* GoogleSignInSwift in Frameworks */ = {isa = PBXBuildFile; productRef = 7E8C8B082D4B5EE000F6E47D /* GoogleSignInSwift */; };
		7EE51D342D4A432400A921BB /* Icons Location.svg in Resources */ = {isa = PBXBuildFile; fileRef = 7EE51D322D4A432400A921BB /* Icons Location.svg */; };
		7EE51D352D4A432400A921BB /* Icons Settings.svg in Resources */ = {isa = PBXBuildFile; fileRef = 7EE51D332D4A432400A921BB /* Icons Settings.svg */; };
		7EE51D372D4A434400A921BB /* Icons Hamburger.svg in Resources */ = {isa = PBXBuildFile; fileRef = 7EE51D362D4A434400A921BB /* Icons Hamburger.svg */; };
/* End PBXBuildFile section */

/* Begin PBXContainerItemProxy section */
		7E5CA8542D27C19D0004ADE6 /* PBXContainerItemProxy */ = {
			isa = PBXContainerItemProxy;
			containerPortal = 7E5CA8342D27C19C0004ADE6 /* Project object */;
			proxyType = 1;
			remoteGlobalIDString = 7E5CA83B2D27C19C0004ADE6;
			remoteInfo = BusBuzz;
		};
		7E5CA85E2D27C19D0004ADE6 /* PBXContainerItemProxy */ = {
			isa = PBXContainerItemProxy;
			containerPortal = 7E5CA8342D27C19C0004ADE6 /* Project object */;
			proxyType = 1;
			remoteGlobalIDString = 7E5CA83B2D27C19C0004ADE6;
			remoteInfo = BusBuzz;
		};
/* End PBXContainerItemProxy section */

/* Begin PBXCopyFilesBuildPhase section */
		7E5474652D4B45580050D7CC /* Embed Frameworks */ = {
			isa = PBXCopyFilesBuildPhase;
			buildActionMask = 2147483647;
			dstPath = "";
			dstSubfolderSpec = 10;
			files = (
				7E5474642D4B45580050D7CC /* GoogleMaps.xcframework in Embed Frameworks */,
				7E5474672D4B455E0050D7CC /* GoogleMapsM4B.xcframework in Embed Frameworks */,
			);
			name = "Embed Frameworks";
			runOnlyForDeploymentPostprocessing = 0;
		};
/* End PBXCopyFilesBuildPhase section */

/* Begin PBXFileReference section */
		7E048BFF2D49117D00FF6A16 /* BussBuzz Emergency Services Contact List.pdf */ = {isa = PBXFileReference; lastKnownFileType = image.pdf; path = "BussBuzz Emergency Services Contact List.pdf"; sourceTree = "<group>"; };
		7E048C002D49117D00FF6A16 /* BussBuzz User Application Privacy Policy.pdf */ = {isa = PBXFileReference; lastKnownFileType = image.pdf; path = "BussBuzz User Application Privacy Policy.pdf"; sourceTree = "<group>"; };
		7E57DE922D4006F2003359F1 /* GoogleService-Info.plist */ = {isa = PBXFileReference; lastKnownFileType = text.plist.xml; path = "GoogleService-Info.plist"; sourceTree = "<group>"; };
		7E5CA83C2D27C19C0004ADE6 /* BusBuzz.app */ = {isa = PBXFileReference; explicitFileType = wrapper.application; includeInIndex = 0; path = BusBuzz.app; sourceTree = BUILT_PRODUCTS_DIR; };
		7E5CA8532D27C19D0004ADE6 /* BusBuzzTests.xctest */ = {isa = PBXFileReference; explicitFileType = wrapper.cfbundle; includeInIndex = 0; path = BusBuzzTests.xctest; sourceTree = BUILT_PRODUCTS_DIR; };
		7E5CA85D2D27C19D0004ADE6 /* BusBuzzUITests.xctest */ = {isa = PBXFileReference; explicitFileType = wrapper.cfbundle; includeInIndex = 0; path = BusBuzzUITests.xctest; sourceTree = BUILT_PRODUCTS_DIR; };
		7EE51D322D4A432400A921BB /* Icons Location.svg */ = {isa = PBXFileReference; lastKnownFileType = text.xml; path = "Icons Location.svg"; sourceTree = "<group>"; };
		7EE51D332D4A432400A921BB /* Icons Settings.svg */ = {isa = PBXFileReference; lastKnownFileType = text.xml; path = "Icons Settings.svg"; sourceTree = "<group>"; };
		7EE51D362D4A434400A921BB /* Icons Hamburger.svg */ = {isa = PBXFileReference; lastKnownFileType = text.xml; path = "Icons Hamburger.svg"; sourceTree = "<group>"; };
		7EE51D392D4A60ED00A921BB /* CoreLocation.framework */ = {isa = PBXFileReference; lastKnownFileType = wrapper.framework; name = CoreLocation.framework; path = System/Library/Frameworks/CoreLocation.framework; sourceTree = SDKROOT; };
		7EE51E092D4A88B000A921BB /* CoreGraphics.framework */ = {isa = PBXFileReference; lastKnownFileType = wrapper.framework; name = CoreGraphics.framework; path = System/Library/Frameworks/CoreGraphics.framework; sourceTree = SDKROOT; };
		7EE51E0B2D4A88BE00A921BB /* MapKit.framework */ = {isa = PBXFileReference; lastKnownFileType = wrapper.framework; name = MapKit.framework; path = System/Library/Frameworks/MapKit.framework; sourceTree = SDKROOT; };
		7EE51E112D4A95E000A921BB /* GoogleMaps.xcframework */ = {isa = PBXFileReference; lastKnownFileType = wrapper.xcframework; name = GoogleMaps.xcframework; path = ../../Downloads/GoogleMaps.xcframework; sourceTree = "<group>"; };
		7EE51E122D4A95E000A921BB /* GoogleMapsM4B.xcframework */ = {isa = PBXFileReference; lastKnownFileType = wrapper.xcframework; name = GoogleMapsM4B.xcframework; path = ../../Downloads/GoogleMapsM4B.xcframework; sourceTree = "<group>"; };
		7EE51E132D4A95E000A921BB /* GoogleMaps.bundle */ = {isa = PBXFileReference; lastKnownFileType = "wrapper.plug-in"; path = GoogleMaps.bundle; sourceTree = "<group>"; };
/* End PBXFileReference section */

/* Begin PBXFileSystemSynchronizedBuildFileExceptionSet section */
		7E5CA8652D27C19D0004ADE6 /* Exceptions for "BusBuzz" folder in "BusBuzz" target */ = {
			isa = PBXFileSystemSynchronizedBuildFileExceptionSet;
			membershipExceptions = (
				Info.plist,
				"Main Screen/Bus Operator/BusOperatorHamburgerMenuScreen.swift",
			);
			target = 7E5CA83B2D27C19C0004ADE6 /* BusBuzz */;
		};
/* End PBXFileSystemSynchronizedBuildFileExceptionSet section */

/* Begin PBXFileSystemSynchronizedGroupBuildPhaseMembershipExceptionSet section */
		7E2A388A2D47D014008E1611 /* Exceptions for "BusBuzz" folder in "Copy Bundle Resources" phase from "BusBuzz" target */ = {
			isa = PBXFileSystemSynchronizedGroupBuildPhaseMembershipExceptionSet;
			buildPhase = 7E5CA83A2D27C19C0004ADE6 /* Resources */;
			membershipExceptions = (
				"Main Screen/Bus Operator/BusOperatorHamburgerMenuScreen.swift",
			);
		};
/* End PBXFileSystemSynchronizedGroupBuildPhaseMembershipExceptionSet section */

/* Begin PBXFileSystemSynchronizedRootGroup section */
		7E5CA83E2D27C19C0004ADE6 /* BusBuzz */ = {
			isa = PBXFileSystemSynchronizedRootGroup;
			exceptions = (
				7E5CA8652D27C19D0004ADE6 /* Exceptions for "BusBuzz" folder in "BusBuzz" target */,
				7E2A388A2D47D014008E1611 /* Exceptions for "BusBuzz" folder in "Copy Bundle Resources" phase from "BusBuzz" target */,
			);
			path = BusBuzz;
			sourceTree = "<group>";
		};
		7E5CA8562D27C19D0004ADE6 /* BusBuzzTests */ = {
			isa = PBXFileSystemSynchronizedRootGroup;
			path = BusBuzzTests;
			sourceTree = "<group>";
		};
		7E5CA8602D27C19D0004ADE6 /* BusBuzzUITests */ = {
			isa = PBXFileSystemSynchronizedRootGroup;
			path = BusBuzzUITests;
			sourceTree = "<group>";
		};
/* End PBXFileSystemSynchronizedRootGroup section */

/* Begin PBXFrameworksBuildPhase section */
		7E5CA8502D27C19D0004ADE6 /* Frameworks */ = {
			isa = PBXFrameworksBuildPhase;
			buildActionMask = 2147483647;
			files = (
			);
			runOnlyForDeploymentPostprocessing = 0;
		};
		7E5CA85A2D27C19D0004ADE6 /* Frameworks */ = {
			isa = PBXFrameworksBuildPhase;
			buildActionMask = 2147483647;
			files = (
			);
			runOnlyForDeploymentPostprocessing = 0;
		};
		7E8C8AF02D4B526700F6E47D /* Frameworks */ = {
			isa = PBXFrameworksBuildPhase;
			buildActionMask = 2147483647;
			files = (
				7E8C8AF62D4B5E8B00F6E47D /* FirebaseAppCheck in Frameworks */,
				7E8C8AF82D4B5E8B00F6E47D /* FirebaseAuth in Frameworks */,
				7E8C8B022D4B5E8B00F6E47D /* FirebaseMessaging in Frameworks */,
				7E8C8B002D4B5E8B00F6E47D /* FirebaseInAppMessaging-Beta in Frameworks */,
				7E8C8AF32D4B52B000F6E47D /* GoogleMapsM4B.xcframework in Frameworks */,
				7E8C8B092D4B5EE000F6E47D /* GoogleSignInSwift in Frameworks */,
				7E8C8B072D4B5EE000F6E47D /* GoogleSignIn in Frameworks */,
				7E8C8AFE2D4B5E8B00F6E47D /* FirebaseFunctions in Frameworks */,
				7E8C8AF22D4B528C00F6E47D /* CoreLocation.framework in Frameworks */,
				7E8C8AFA2D4B5E8B00F6E47D /* FirebaseCore in Frameworks */,
				7E8C8B042D4B5E8B00F6E47D /* FirebaseStorage in Frameworks */,
				7E8C8AFC2D4B5E8B00F6E47D /* FirebaseDatabase in Frameworks */,
				7E8C8AF12D4B527500F6E47D /* GoogleMaps.xcframework in Frameworks */,
			);
			runOnlyForDeploymentPostprocessing = 0;
		};
/* End PBXFrameworksBuildPhase section */

/* Begin PBXGroup section */
		7E5CA8332D27C19C0004ADE6 = {
			isa = PBXGroup;
			children = (
				7EE51D362D4A434400A921BB /* Icons Hamburger.svg */,
				7EE51D322D4A432400A921BB /* Icons Location.svg */,
				7EE51D332D4A432400A921BB /* Icons Settings.svg */,
				7E048BFF2D49117D00FF6A16 /* BussBuzz Emergency Services Contact List.pdf */,
				7E048C002D49117D00FF6A16 /* BussBuzz User Application Privacy Policy.pdf */,
				7E57DE922D4006F2003359F1 /* GoogleService-Info.plist */,
				7E5CA83E2D27C19C0004ADE6 /* BusBuzz */,
				7E5CA8562D27C19D0004ADE6 /* BusBuzzTests */,
				7E5CA8602D27C19D0004ADE6 /* BusBuzzUITests */,
				7EE51D382D4A60ED00A921BB /* Frameworks */,
				7E5CA83D2D27C19C0004ADE6 /* Products */,
			);
			sourceTree = "<group>";
		};
		7E5CA83D2D27C19C0004ADE6 /* Products */ = {
			isa = PBXGroup;
			children = (
				7E5CA83C2D27C19C0004ADE6 /* BusBuzz.app */,
				7E5CA8532D27C19D0004ADE6 /* BusBuzzTests.xctest */,
				7E5CA85D2D27C19D0004ADE6 /* BusBuzzUITests.xctest */,
			);
			name = Products;
			sourceTree = "<group>";
		};
		7EE51D382D4A60ED00A921BB /* Frameworks */ = {
			isa = PBXGroup;
			children = (
				7EE51E112D4A95E000A921BB /* GoogleMaps.xcframework */,
				7EE51E122D4A95E000A921BB /* GoogleMapsM4B.xcframework */,
				7EE51E142D4A95E000A921BB /* GoogleMapsResources */,
				7EE51E0B2D4A88BE00A921BB /* MapKit.framework */,
				7EE51E092D4A88B000A921BB /* CoreGraphics.framework */,
				7EE51D392D4A60ED00A921BB /* CoreLocation.framework */,
			);
			name = Frameworks;
			sourceTree = "<group>";
		};
		7EE51E142D4A95E000A921BB /* GoogleMapsResources */ = {
			isa = PBXGroup;
			children = (
				7EE51E132D4A95E000A921BB /* GoogleMaps.bundle */,
			);
			name = GoogleMapsResources;
			path = ../../Downloads/GoogleMapsResources;
			sourceTree = "<group>";
		};
/* End PBXGroup section */

/* Begin PBXNativeTarget section */
		7E5CA83B2D27C19C0004ADE6 /* BusBuzz */ = {
			isa = PBXNativeTarget;
			buildConfigurationList = 7E5CA8662D27C19D0004ADE6 /* Build configuration list for PBXNativeTarget "BusBuzz" */;
			buildPhases = (
				7E5CA8382D27C19C0004ADE6 /* Sources */,
				7E5CA83A2D27C19C0004ADE6 /* Resources */,
				7E5474652D4B45580050D7CC /* Embed Frameworks */,
				7E8C8AF02D4B526700F6E47D /* Frameworks */,
			);
			buildRules = (
			);
			dependencies = (
			);
			fileSystemSynchronizedGroups = (
				7E5CA83E2D27C19C0004ADE6 /* BusBuzz */,
			);
			name = BusBuzz;
			packageProductDependencies = (
				7E8C8AF52D4B5E8B00F6E47D /* FirebaseAppCheck */,
				7E8C8AF72D4B5E8B00F6E47D /* FirebaseAuth */,
				7E8C8AF92D4B5E8B00F6E47D /* FirebaseCore */,
				7E8C8AFB2D4B5E8B00F6E47D /* FirebaseDatabase */,
				7E8C8AFD2D4B5E8B00F6E47D /* FirebaseFunctions */,
				7E8C8AFF2D4B5E8B00F6E47D /* FirebaseInAppMessaging-Beta */,
				7E8C8B012D4B5E8B00F6E47D /* FirebaseMessaging */,
				7E8C8B032D4B5E8B00F6E47D /* FirebaseStorage */,
				7E8C8B062D4B5EE000F6E47D /* GoogleSignIn */,
				7E8C8B082D4B5EE000F6E47D /* GoogleSignInSwift */,
			);
			productName = BusBuzz;
			productReference = 7E5CA83C2D27C19C0004ADE6 /* BusBuzz.app */;
			productType = "com.apple.product-type.application";
		};
		7E5CA8522D27C19D0004ADE6 /* BusBuzzTests */ = {
			isa = PBXNativeTarget;
			buildConfigurationList = 7E5CA86B2D27C19D0004ADE6 /* Build configuration list for PBXNativeTarget "BusBuzzTests" */;
			buildPhases = (
				7E5CA84F2D27C19D0004ADE6 /* Sources */,
				7E5CA8502D27C19D0004ADE6 /* Frameworks */,
				7E5CA8512D27C19D0004ADE6 /* Resources */,
			);
			buildRules = (
			);
			dependencies = (
				7E5CA8552D27C19D0004ADE6 /* PBXTargetDependency */,
			);
			fileSystemSynchronizedGroups = (
				7E5CA8562D27C19D0004ADE6 /* BusBuzzTests */,
			);
			name = BusBuzzTests;
			packageProductDependencies = (
			);
			productName = BusBuzzTests;
			productReference = 7E5CA8532D27C19D0004ADE6 /* BusBuzzTests.xctest */;
			productType = "com.apple.product-type.bundle.unit-test";
		};
		7E5CA85C2D27C19D0004ADE6 /* BusBuzzUITests */ = {
			isa = PBXNativeTarget;
			buildConfigurationList = 7E5CA86E2D27C19D0004ADE6 /* Build configuration list for PBXNativeTarget "BusBuzzUITests" */;
			buildPhases = (
				7E5CA8592D27C19D0004ADE6 /* Sources */,
				7E5CA85A2D27C19D0004ADE6 /* Frameworks */,
				7E5CA85B2D27C19D0004ADE6 /* Resources */,
			);
			buildRules = (
			);
			dependencies = (
				7E5CA85F2D27C19D0004ADE6 /* PBXTargetDependency */,
			);
			fileSystemSynchronizedGroups = (
				7E5CA8602D27C19D0004ADE6 /* BusBuzzUITests */,
			);
			name = BusBuzzUITests;
			packageProductDependencies = (
			);
			productName = BusBuzzUITests;
			productReference = 7E5CA85D2D27C19D0004ADE6 /* BusBuzzUITests.xctest */;
			productType = "com.apple.product-type.bundle.ui-testing";
		};
/* End PBXNativeTarget section */

/* Begin PBXProject section */
		7E5CA8342D27C19C0004ADE6 /* Project object */ = {
			isa = PBXProject;
			attributes = {
				BuildIndependentTargetsInParallel = 1;
				LastSwiftUpdateCheck = 1620;
				LastUpgradeCheck = 1620;
				TargetAttributes = {
					7E5CA83B2D27C19C0004ADE6 = {
						CreatedOnToolsVersion = 16.2;
					};
					7E5CA8522D27C19D0004ADE6 = {
						CreatedOnToolsVersion = 16.2;
						TestTargetID = 7E5CA83B2D27C19C0004ADE6;
					};
					7E5CA85C2D27C19D0004ADE6 = {
						CreatedOnToolsVersion = 16.2;
						TestTargetID = 7E5CA83B2D27C19C0004ADE6;
					};
				};
			};
			buildConfigurationList = 7E5CA8372D27C19C0004ADE6 /* Build configuration list for PBXProject "BusBuzz" */;
			developmentRegion = en;
			hasScannedForEncodings = 0;
			knownRegions = (
				en,
				Base,
			);
			mainGroup = 7E5CA8332D27C19C0004ADE6;
			minimizedProjectReferenceProxies = 1;
			packageReferences = (
				7E8C8AF42D4B5E8B00F6E47D /* XCRemoteSwiftPackageReference "firebase-ios-sdk" */,
				7E8C8B052D4B5EE000F6E47D /* XCRemoteSwiftPackageReference "GoogleSignIn-iOS" */,
			);
			preferredProjectObjectVersion = 77;
			productRefGroup = 7E5CA83D2D27C19C0004ADE6 /* Products */;
			projectDirPath = "";
			projectRoot = "";
			targets = (
				7E5CA83B2D27C19C0004ADE6 /* BusBuzz */,
				7E5CA8522D27C19D0004ADE6 /* BusBuzzTests */,
				7E5CA85C2D27C19D0004ADE6 /* BusBuzzUITests */,
			);
		};
/* End PBXProject section */

/* Begin PBXResourcesBuildPhase section */
		7E5CA83A2D27C19C0004ADE6 /* Resources */ = {
			isa = PBXResourcesBuildPhase;
			buildActionMask = 2147483647;
			files = (
				7EE51D372D4A434400A921BB /* Icons Hamburger.svg in Resources */,
				7EE51D342D4A432400A921BB /* Icons Location.svg in Resources */,
				7EE51D352D4A432400A921BB /* Icons Settings.svg in Resources */,
				7E048C012D49117D00FF6A16 /* BussBuzz Emergency Services Contact List.pdf in Resources */,
				7E048C022D49117D00FF6A16 /* BussBuzz User Application Privacy Policy.pdf in Resources */,
				7E57DE932D4006F2003359F1 /* GoogleService-Info.plist in Resources */,
			);
			runOnlyForDeploymentPostprocessing = 0;
		};
		7E5CA8512D27C19D0004ADE6 /* Resources */ = {
			isa = PBXResourcesBuildPhase;
			buildActionMask = 2147483647;
			files = (
				7E57DE952D4006F2003359F1 /* GoogleService-Info.plist in Resources */,
			);
			runOnlyForDeploymentPostprocessing = 0;
		};
		7E5CA85B2D27C19D0004ADE6 /* Resources */ = {
			isa = PBXResourcesBuildPhase;
			buildActionMask = 2147483647;
			files = (
				7E57DE942D4006F2003359F1 /* GoogleService-Info.plist in Resources */,
			);
			runOnlyForDeploymentPostprocessing = 0;
		};
/* End PBXResourcesBuildPhase section */

/* Begin PBXSourcesBuildPhase section */
		7E5CA8382D27C19C0004ADE6 /* Sources */ = {
			isa = PBXSourcesBuildPhase;
			buildActionMask = 2147483647;
			files = (
			);
			runOnlyForDeploymentPostprocessing = 0;
		};
		7E5CA84F2D27C19D0004ADE6 /* Sources */ = {
			isa = PBXSourcesBuildPhase;
			buildActionMask = 2147483647;
			files = (
			);
			runOnlyForDeploymentPostprocessing = 0;
		};
		7E5CA8592D27C19D0004ADE6 /* Sources */ = {
			isa = PBXSourcesBuildPhase;
			buildActionMask = 2147483647;
			files = (
			);
			runOnlyForDeploymentPostprocessing = 0;
		};
/* End PBXSourcesBuildPhase section */

/* Begin PBXTargetDependency section */
		7E5CA8552D27C19D0004ADE6 /* PBXTargetDependency */ = {
			isa = PBXTargetDependency;
			target = 7E5CA83B2D27C19C0004ADE6 /* BusBuzz */;
			targetProxy = 7E5CA8542D27C19D0004ADE6 /* PBXContainerItemProxy */;
		};
		7E5CA85F2D27C19D0004ADE6 /* PBXTargetDependency */ = {
			isa = PBXTargetDependency;
			target = 7E5CA83B2D27C19C0004ADE6 /* BusBuzz */;
			targetProxy = 7E5CA85E2D27C19D0004ADE6 /* PBXContainerItemProxy */;
		};
/* End PBXTargetDependency section */

/* Begin XCBuildConfiguration section */
		7E5CA8672D27C19D0004ADE6 /* Debug */ = {
			isa = XCBuildConfiguration;
			buildSettings = {
				ASSETCATALOG_COMPILER_APPICON_NAME = AppIcon;
				ASSETCATALOG_COMPILER_GLOBAL_ACCENT_COLOR_NAME = AccentColor;
				CODE_SIGN_ENTITLEMENTS = BusBuzz/BusBuzz.entitlements;
				CODE_SIGN_STYLE = Automatic;
				CURRENT_PROJECT_VERSION = 1;
				DEVELOPMENT_ASSET_PATHS = "\"BusBuzz/Preview Content\"";
				ENABLE_PREVIEWS = YES;
				GENERATE_INFOPLIST_FILE = YES;
				INFOPLIST_FILE = BusBuzz/Info.plist;
				INFOPLIST_KEY_UIApplicationSceneManifest_Generation = YES;
				INFOPLIST_KEY_UIApplicationSupportsIndirectInputEvents = YES;
				INFOPLIST_KEY_UILaunchScreen_Generation = YES;
				INFOPLIST_KEY_UISupportedInterfaceOrientations_iPad = "UIInterfaceOrientationPortrait UIInterfaceOrientationPortraitUpsideDown UIInterfaceOrientationLandscapeLeft UIInterfaceOrientationLandscapeRight";
				INFOPLIST_KEY_UISupportedInterfaceOrientations_iPhone = "UIInterfaceOrientationPortrait UIInterfaceOrientationLandscapeLeft UIInterfaceOrientationLandscapeRight";
				LD_RUNPATH_SEARCH_PATHS = (
					"$(inherited)",
					"@executable_path/Frameworks",
				);
				MARKETING_VERSION = 1.0;
				PRODUCT_BUNDLE_IDENTIFIER = com.iit.BusBuzz;
				PRODUCT_NAME = "$(TARGET_NAME)";
				SWIFT_EMIT_LOC_STRINGS = YES;
				SWIFT_VERSION = 5.0;
				TARGETED_DEVICE_FAMILY = "1,2";
			};
			name = Debug;
		};
		7E5CA8682D27C19D0004ADE6 /* Release */ = {
			isa = XCBuildConfiguration;
			buildSettings = {
				ASSETCATALOG_COMPILER_APPICON_NAME = AppIcon;
				ASSETCATALOG_COMPILER_GLOBAL_ACCENT_COLOR_NAME = AccentColor;
				CODE_SIGN_ENTITLEMENTS = BusBuzz/BusBuzz.entitlements;
				CODE_SIGN_STYLE = Automatic;
				CURRENT_PROJECT_VERSION = 1;
				DEVELOPMENT_ASSET_PATHS = "\"BusBuzz/Preview Content\"";
				ENABLE_PREVIEWS = YES;
				GENERATE_INFOPLIST_FILE = YES;
				INFOPLIST_FILE = BusBuzz/Info.plist;
				INFOPLIST_KEY_UIApplicationSceneManifest_Generation = YES;
				INFOPLIST_KEY_UIApplicationSupportsIndirectInputEvents = YES;
				INFOPLIST_KEY_UILaunchScreen_Generation = YES;
				INFOPLIST_KEY_UISupportedInterfaceOrientations_iPad = "UIInterfaceOrientationPortrait UIInterfaceOrientationPortraitUpsideDown UIInterfaceOrientationLandscapeLeft UIInterfaceOrientationLandscapeRight";
				INFOPLIST_KEY_UISupportedInterfaceOrientations_iPhone = "UIInterfaceOrientationPortrait UIInterfaceOrientationLandscapeLeft UIInterfaceOrientationLandscapeRight";
				LD_RUNPATH_SEARCH_PATHS = (
					"$(inherited)",
					"@executable_path/Frameworks",
				);
				MARKETING_VERSION = 1.0;
				PRODUCT_BUNDLE_IDENTIFIER = com.iit.BusBuzz;
				PRODUCT_NAME = "$(TARGET_NAME)";
				SWIFT_EMIT_LOC_STRINGS = YES;
				SWIFT_VERSION = 5.0;
				TARGETED_DEVICE_FAMILY = "1,2";
			};
			name = Release;
		};
		7E5CA8692D27C19D0004ADE6 /* Debug */ = {
			isa = XCBuildConfiguration;
			buildSettings = {
				ALWAYS_SEARCH_USER_PATHS = NO;
				ASSETCATALOG_COMPILER_GENERATE_SWIFT_ASSET_SYMBOL_EXTENSIONS = YES;
				CLANG_ANALYZER_NONNULL = YES;
				CLANG_ANALYZER_NUMBER_OBJECT_CONVERSION = YES_AGGRESSIVE;
				CLANG_CXX_LANGUAGE_STANDARD = "gnu++20";
				CLANG_ENABLE_MODULES = YES;
				CLANG_ENABLE_OBJC_ARC = YES;
				CLANG_ENABLE_OBJC_WEAK = YES;
				CLANG_WARN_BLOCK_CAPTURE_AUTORELEASING = YES;
				CLANG_WARN_BOOL_CONVERSION = YES;
				CLANG_WARN_COMMA = YES;
				CLANG_WARN_CONSTANT_CONVERSION = YES;
				CLANG_WARN_DEPRECATED_OBJC_IMPLEMENTATIONS = YES;
				CLANG_WARN_DIRECT_OBJC_ISA_USAGE = YES_ERROR;
				CLANG_WARN_DOCUMENTATION_COMMENTS = YES;
				CLANG_WARN_EMPTY_BODY = YES;
				CLANG_WARN_ENUM_CONVERSION = YES;
				CLANG_WARN_INFINITE_RECURSION = YES;
				CLANG_WARN_INT_CONVERSION = YES;
				CLANG_WARN_NON_LITERAL_NULL_CONVERSION = YES;
				CLANG_WARN_OBJC_IMPLICIT_RETAIN_SELF = YES;
				CLANG_WARN_OBJC_LITERAL_CONVERSION = YES;
				CLANG_WARN_OBJC_ROOT_CLASS = YES_ERROR;
				CLANG_WARN_QUOTED_INCLUDE_IN_FRAMEWORK_HEADER = YES;
				CLANG_WARN_RANGE_LOOP_ANALYSIS = YES;
				CLANG_WARN_STRICT_PROTOTYPES = YES;
				CLANG_WARN_SUSPICIOUS_MOVE = YES;
				CLANG_WARN_UNGUARDED_AVAILABILITY = YES_AGGRESSIVE;
				CLANG_WARN_UNREACHABLE_CODE = YES;
				CLANG_WARN__DUPLICATE_METHOD_MATCH = YES;
				COPY_PHASE_STRIP = NO;
				DEBUG_INFORMATION_FORMAT = dwarf;
				ENABLE_STRICT_OBJC_MSGSEND = YES;
				ENABLE_TESTABILITY = YES;
				ENABLE_USER_SCRIPT_SANDBOXING = YES;
				GCC_C_LANGUAGE_STANDARD = gnu17;
				GCC_DYNAMIC_NO_PIC = NO;
				GCC_NO_COMMON_BLOCKS = YES;
				GCC_OPTIMIZATION_LEVEL = 0;
				GCC_PREPROCESSOR_DEFINITIONS = (
					"DEBUG=1",
					"$(inherited)",
				);
				GCC_WARN_64_TO_32_BIT_CONVERSION = YES;
				GCC_WARN_ABOUT_RETURN_TYPE = YES_ERROR;
				GCC_WARN_UNDECLARED_SELECTOR = YES;
				GCC_WARN_UNINITIALIZED_AUTOS = YES_AGGRESSIVE;
				GCC_WARN_UNUSED_FUNCTION = YES;
				GCC_WARN_UNUSED_VARIABLE = YES;
				IPHONEOS_DEPLOYMENT_TARGET = 18.2;
				LOCALIZATION_PREFERS_STRING_CATALOGS = YES;
				MTL_ENABLE_DEBUG_INFO = INCLUDE_SOURCE;
				MTL_FAST_MATH = YES;
				ONLY_ACTIVE_ARCH = YES;
				SDKROOT = iphoneos;
				SWIFT_ACTIVE_COMPILATION_CONDITIONS = "DEBUG $(inherited)";
				SWIFT_OPTIMIZATION_LEVEL = "-Onone";
			};
			name = Debug;
		};
		7E5CA86A2D27C19D0004ADE6 /* Release */ = {
			isa = XCBuildConfiguration;
			buildSettings = {
				ALWAYS_SEARCH_USER_PATHS = NO;
				ASSETCATALOG_COMPILER_GENERATE_SWIFT_ASSET_SYMBOL_EXTENSIONS = YES;
				CLANG_ANALYZER_NONNULL = YES;
				CLANG_ANALYZER_NUMBER_OBJECT_CONVERSION = YES_AGGRESSIVE;
				CLANG_CXX_LANGUAGE_STANDARD = "gnu++20";
				CLANG_ENABLE_MODULES = YES;
				CLANG_ENABLE_OBJC_ARC = YES;
				CLANG_ENABLE_OBJC_WEAK = YES;
				CLANG_WARN_BLOCK_CAPTURE_AUTORELEASING = YES;
				CLANG_WARN_BOOL_CONVERSION = YES;
				CLANG_WARN_COMMA = YES;
				CLANG_WARN_CONSTANT_CONVERSION = YES;
				CLANG_WARN_DEPRECATED_OBJC_IMPLEMENTATIONS = YES;
				CLANG_WARN_DIRECT_OBJC_ISA_USAGE = YES_ERROR;
				CLANG_WARN_DOCUMENTATION_COMMENTS = YES;
				CLANG_WARN_EMPTY_BODY = YES;
				CLANG_WARN_ENUM_CONVERSION = YES;
				CLANG_WARN_INFINITE_RECURSION = YES;
				CLANG_WARN_INT_CONVERSION = YES;
				CLANG_WARN_NON_LITERAL_NULL_CONVERSION = YES;
				CLANG_WARN_OBJC_IMPLICIT_RETAIN_SELF = YES;
				CLANG_WARN_OBJC_LITERAL_CONVERSION = YES;
				CLANG_WARN_OBJC_ROOT_CLASS = YES_ERROR;
				CLANG_WARN_QUOTED_INCLUDE_IN_FRAMEWORK_HEADER = YES;
				CLANG_WARN_RANGE_LOOP_ANALYSIS = YES;
				CLANG_WARN_STRICT_PROTOTYPES = YES;
				CLANG_WARN_SUSPICIOUS_MOVE = YES;
				CLANG_WARN_UNGUARDED_AVAILABILITY = YES_AGGRESSIVE;
				CLANG_WARN_UNREACHABLE_CODE = YES;
				CLANG_WARN__DUPLICATE_METHOD_MATCH = YES;
				COPY_PHASE_STRIP = NO;
				DEBUG_INFORMATION_FORMAT = "dwarf-with-dsym";
				ENABLE_NS_ASSERTIONS = NO;
				ENABLE_STRICT_OBJC_MSGSEND = YES;
				ENABLE_USER_SCRIPT_SANDBOXING = YES;
				GCC_C_LANGUAGE_STANDARD = gnu17;
				GCC_NO_COMMON_BLOCKS = YES;
				GCC_WARN_64_TO_32_BIT_CONVERSION = YES;
				GCC_WARN_ABOUT_RETURN_TYPE = YES_ERROR;
				GCC_WARN_UNDECLARED_SELECTOR = YES;
				GCC_WARN_UNINITIALIZED_AUTOS = YES_AGGRESSIVE;
				GCC_WARN_UNUSED_FUNCTION = YES;
				GCC_WARN_UNUSED_VARIABLE = YES;
				IPHONEOS_DEPLOYMENT_TARGET = 18.2;
				LOCALIZATION_PREFERS_STRING_CATALOGS = YES;
				MTL_ENABLE_DEBUG_INFO = NO;
				MTL_FAST_MATH = YES;
				SDKROOT = iphoneos;
				SWIFT_COMPILATION_MODE = wholemodule;
				VALIDATE_PRODUCT = YES;
			};
			name = Release;
		};
		7E5CA86C2D27C19D0004ADE6 /* Debug */ = {
			isa = XCBuildConfiguration;
			buildSettings = {
				BUNDLE_LOADER = "$(TEST_HOST)";
				CODE_SIGN_STYLE = Automatic;
				CURRENT_PROJECT_VERSION = 1;
				GENERATE_INFOPLIST_FILE = YES;
				IPHONEOS_DEPLOYMENT_TARGET = 18.2;
				MARKETING_VERSION = 1.0;
				PRODUCT_BUNDLE_IDENTIFIER = com.iit.BusBuzzTests;
				PRODUCT_NAME = "$(TARGET_NAME)";
				SWIFT_EMIT_LOC_STRINGS = NO;
				SWIFT_VERSION = 5.0;
				TARGETED_DEVICE_FAMILY = "1,2";
				TEST_HOST = "$(BUILT_PRODUCTS_DIR)/BusBuzz.app/$(BUNDLE_EXECUTABLE_FOLDER_PATH)/BusBuzz";
			};
			name = Debug;
		};
		7E5CA86D2D27C19D0004ADE6 /* Release */ = {
			isa = XCBuildConfiguration;
			buildSettings = {
				BUNDLE_LOADER = "$(TEST_HOST)";
				CODE_SIGN_STYLE = Automatic;
				CURRENT_PROJECT_VERSION = 1;
				GENERATE_INFOPLIST_FILE = YES;
				IPHONEOS_DEPLOYMENT_TARGET = 18.2;
				MARKETING_VERSION = 1.0;
				PRODUCT_BUNDLE_IDENTIFIER = com.iit.BusBuzzTests;
				PRODUCT_NAME = "$(TARGET_NAME)";
				SWIFT_EMIT_LOC_STRINGS = NO;
				SWIFT_VERSION = 5.0;
				TARGETED_DEVICE_FAMILY = "1,2";
				TEST_HOST = "$(BUILT_PRODUCTS_DIR)/BusBuzz.app/$(BUNDLE_EXECUTABLE_FOLDER_PATH)/BusBuzz";
			};
			name = Release;
		};
		7E5CA86F2D27C19D0004ADE6 /* Debug */ = {
			isa = XCBuildConfiguration;
			buildSettings = {
				CODE_SIGN_STYLE = Automatic;
				CURRENT_PROJECT_VERSION = 1;
				GENERATE_INFOPLIST_FILE = YES;
				MARKETING_VERSION = 1.0;
				PRODUCT_BUNDLE_IDENTIFIER = com.iit.BusBuzzUITests;
				PRODUCT_NAME = "$(TARGET_NAME)";
				SWIFT_EMIT_LOC_STRINGS = NO;
				SWIFT_VERSION = 5.0;
				TARGETED_DEVICE_FAMILY = "1,2";
				TEST_TARGET_NAME = BusBuzz;
			};
			name = Debug;
		};
		7E5CA8702D27C19D0004ADE6 /* Release */ = {
			isa = XCBuildConfiguration;
			buildSettings = {
				CODE_SIGN_STYLE = Automatic;
				CURRENT_PROJECT_VERSION = 1;
				GENERATE_INFOPLIST_FILE = YES;
				MARKETING_VERSION = 1.0;
				PRODUCT_BUNDLE_IDENTIFIER = com.iit.BusBuzzUITests;
				PRODUCT_NAME = "$(TARGET_NAME)";
				SWIFT_EMIT_LOC_STRINGS = NO;
				SWIFT_VERSION = 5.0;
				TARGETED_DEVICE_FAMILY = "1,2";
				TEST_TARGET_NAME = BusBuzz;
			};
			name = Release;
		};
/* End XCBuildConfiguration section */

/* Begin XCConfigurationList section */
		7E5CA8372D27C19C0004ADE6 /* Build configuration list for PBXProject "BusBuzz" */ = {
			isa = XCConfigurationList;
			buildConfigurations = (
				7E5CA8692D27C19D0004ADE6 /* Debug */,
				7E5CA86A2D27C19D0004ADE6 /* Release */,
			);
			defaultConfigurationIsVisible = 0;
			defaultConfigurationName = Release;
		};
		7E5CA8662D27C19D0004ADE6 /* Build configuration list for PBXNativeTarget "BusBuzz" */ = {
			isa = XCConfigurationList;
			buildConfigurations = (
				7E5CA8672D27C19D0004ADE6 /* Debug */,
				7E5CA8682D27C19D0004ADE6 /* Release */,
			);
			defaultConfigurationIsVisible = 0;
			defaultConfigurationName = Release;
		};
		7E5CA86B2D27C19D0004ADE6 /* Build configuration list for PBXNativeTarget "BusBuzzTests" */ = {
			isa = XCConfigurationList;
			buildConfigurations = (
				7E5CA86C2D27C19D0004ADE6 /* Debug */,
				7E5CA86D2D27C19D0004ADE6 /* Release */,
			);
			defaultConfigurationIsVisible = 0;
			defaultConfigurationName = Release;
		};
		7E5CA86E2D27C19D0004ADE6 /* Build configuration list for PBXNativeTarget "BusBuzzUITests" */ = {
			isa = XCConfigurationList;
			buildConfigurations = (
				7E5CA86F2D27C19D0004ADE6 /* Debug */,
				7E5CA8702D27C19D0004ADE6 /* Release */,
			);
			defaultConfigurationIsVisible = 0;
			defaultConfigurationName = Release;
		};
/* End XCConfigurationList section */

/* Begin XCRemoteSwiftPackageReference section */
		7E8C8AF42D4B5E8B00F6E47D /* XCRemoteSwiftPackageReference "firebase-ios-sdk" */ = {
			isa = XCRemoteSwiftPackageReference;
			repositoryURL = "https://github.com/firebase/firebase-ios-sdk";
			requirement = {
				kind = upToNextMinorVersion;
				minimumVersion = 11.7.0;
			};
		};
		7E8C8B052D4B5EE000F6E47D /* XCRemoteSwiftPackageReference "GoogleSignIn-iOS" */ = {
			isa = XCRemoteSwiftPackageReference;
			repositoryURL = "https://github.com/google/GoogleSignIn-iOS";
			requirement = {
				kind = upToNextMinorVersion;
				minimumVersion = 8.0.0;
			};
		};
/* End XCRemoteSwiftPackageReference section */

/* Begin XCSwiftPackageProductDependency section */
		7E8C8AF52D4B5E8B00F6E47D /* FirebaseAppCheck */ = {
			isa = XCSwiftPackageProductDependency;
			package = 7E8C8AF42D4B5E8B00F6E47D /* XCRemoteSwiftPackageReference "firebase-ios-sdk" */;
			productName = FirebaseAppCheck;
		};
		7E8C8AF72D4B5E8B00F6E47D /* FirebaseAuth */ = {
			isa = XCSwiftPackageProductDependency;
			package = 7E8C8AF42D4B5E8B00F6E47D /* XCRemoteSwiftPackageReference "firebase-ios-sdk" */;
			productName = FirebaseAuth;
		};
		7E8C8AF92D4B5E8B00F6E47D /* FirebaseCore */ = {
			isa = XCSwiftPackageProductDependency;
			package = 7E8C8AF42D4B5E8B00F6E47D /* XCRemoteSwiftPackageReference "firebase-ios-sdk" */;
			productName = FirebaseCore;
		};
		7E8C8AFB2D4B5E8B00F6E47D /* FirebaseDatabase */ = {
			isa = XCSwiftPackageProductDependency;
			package = 7E8C8AF42D4B5E8B00F6E47D /* XCRemoteSwiftPackageReference "firebase-ios-sdk" */;
			productName = FirebaseDatabase;
		};
		7E8C8AFD2D4B5E8B00F6E47D /* FirebaseFunctions */ = {
			isa = XCSwiftPackageProductDependency;
			package = 7E8C8AF42D4B5E8B00F6E47D /* XCRemoteSwiftPackageReference "firebase-ios-sdk" */;
			productName = FirebaseFunctions;
		};
		7E8C8AFF2D4B5E8B00F6E47D /* FirebaseInAppMessaging-Beta */ = {
			isa = XCSwiftPackageProductDependency;
			package = 7E8C8AF42D4B5E8B00F6E47D /* XCRemoteSwiftPackageReference "firebase-ios-sdk" */;
			productName = "FirebaseInAppMessaging-Beta";
		};
		7E8C8B012D4B5E8B00F6E47D /* FirebaseMessaging */ = {
			isa = XCSwiftPackageProductDependency;
			package = 7E8C8AF42D4B5E8B00F6E47D /* XCRemoteSwiftPackageReference "firebase-ios-sdk" */;
			productName = FirebaseMessaging;
		};
		7E8C8B032D4B5E8B00F6E47D /* FirebaseStorage */ = {
			isa = XCSwiftPackageProductDependency;
			package = 7E8C8AF42D4B5E8B00F6E47D /* XCRemoteSwiftPackageReference "firebase-ios-sdk" */;
			productName = FirebaseStorage;
		};
		7E8C8B062D4B5EE000F6E47D /* GoogleSignIn */ = {
			isa = XCSwiftPackageProductDependency;
			package = 7E8C8B052D4B5EE000F6E47D /* XCRemoteSwiftPackageReference "GoogleSignIn-iOS" */;
			productName = GoogleSignIn;
		};
		7E8C8B082D4B5EE000F6E47D /* GoogleSignInSwift */ = {
			isa = XCSwiftPackageProductDependency;
			package = 7E8C8B052D4B5EE000F6E47D /* XCRemoteSwiftPackageReference "GoogleSignIn-iOS" */;
			productName = GoogleSignInSwift;
		};
/* End XCSwiftPackageProductDependency section */
	};
	rootObject = 7E5CA8342D27C19C0004ADE6 /* Project object */;
}
